// !$*UTF8*$!
{
	archiveVersion = 1;
	classes = {
	};
	objectVersion = 46;
	objects = {

/* Begin PBXBuildFile section */
		0F38B7661C401229001800DE /* Defaults.plist in Resources */ = {isa = PBXBuildFile; fileRef = 0F38B7651C401229001800DE /* Defaults.plist */; };
		0F38B7681C4039A1001800DE /* Settings.bundle in Resources */ = {isa = PBXBuildFile; fileRef = 0F38B7671C4039A1001800DE /* Settings.bundle */; };
		0F3E2DF41C31E2E9002E6AFE /* SMLLogScrollView.swift in Sources */ = {isa = PBXBuildFile; fileRef = 0F3E2DF31C31E2E9002E6AFE /* SMLLogScrollView.swift */; };
		0F3E2DF61C31F775002E6AFE /* SMLPlayStream.swift in Sources */ = {isa = PBXBuildFile; fileRef = 0F3E2DF51C31F775002E6AFE /* SMLPlayStream.swift */; };
		0F95C4071C54413800DA3F83 /* SettingsViewController.swift in Sources */ = {isa = PBXBuildFile; fileRef = 0F95C4061C54413800DA3F83 /* SettingsViewController.swift */; };
		0FBEBA7F1C3194330048343D /* AppDelegate.swift in Sources */ = {isa = PBXBuildFile; fileRef = 0FBEBA7E1C3194330048343D /* AppDelegate.swift */; };
		0FBEBA811C3194330048343D /* SMLViewController.swift in Sources */ = {isa = PBXBuildFile; fileRef = 0FBEBA801C3194330048343D /* SMLViewController.swift */; };
		0FBEBA841C3194330048343D /* Main.storyboard in Resources */ = {isa = PBXBuildFile; fileRef = 0FBEBA821C3194330048343D /* Main.storyboard */; };
		0FBEBA871C3194330048343D /* ScanmonListener.xcdatamodeld in Sources */ = {isa = PBXBuildFile; fileRef = 0FBEBA851C3194330048343D /* ScanmonListener.xcdatamodeld */; };
		0FBEBA891C3194330048343D /* Assets.xcassets in Resources */ = {isa = PBXBuildFile; fileRef = 0FBEBA881C3194330048343D /* Assets.xcassets */; };
		0FBEBA8C1C3194330048343D /* LaunchScreen.storyboard in Resources */ = {isa = PBXBuildFile; fileRef = 0FBEBA8A1C3194330048343D /* LaunchScreen.storyboard */; };
		0FBEBA971C3194330048343D /* ScanmonListenerTests.swift in Sources */ = {isa = PBXBuildFile; fileRef = 0FBEBA961C3194330048343D /* ScanmonListenerTests.swift */; };
		0FBEBAA21C3194330048343D /* ScanmonListenerUITests.swift in Sources */ = {isa = PBXBuildFile; fileRef = 0FBEBAA11C3194330048343D /* ScanmonListenerUITests.swift */; };
		0FF56E671C541D2D0058E91B /* AboutViewController.swift in Sources */ = {isa = PBXBuildFile; fileRef = 0FF56E661C541D2D0058E91B /* AboutViewController.swift */; };
		3ED6FD6D7363605F487E655B /* Pods_ScanmonListenerUITests.framework in Frameworks */ = {isa = PBXBuildFile; fileRef = 39F8A3B681CCD5B165110F1B /* Pods_ScanmonListenerUITests.framework */; };
		4D94DB10F6DC25FD83B62ACD /* Pods_ScanmonListener.framework in Frameworks */ = {isa = PBXBuildFile; fileRef = 1AA08CCBD6DE93FF08628CAC /* Pods_ScanmonListener.framework */; };
		7D391766E20229119C0435D0 /* Pods_ScanmonListenerTests.framework in Frameworks */ = {isa = PBXBuildFile; fileRef = 63E13932DA9CD8BC2011F2AB /* Pods_ScanmonListenerTests.framework */; };
/* End PBXBuildFile section */

/* Begin PBXContainerItemProxy section */
		0FBEBA931C3194330048343D /* PBXContainerItemProxy */ = {
			isa = PBXContainerItemProxy;
			containerPortal = 0FBEBA731C3194330048343D /* Project object */;
			proxyType = 1;
			remoteGlobalIDString = 0FBEBA7A1C3194330048343D;
			remoteInfo = ScanmonListener;
		};
		0FBEBA9E1C3194330048343D /* PBXContainerItemProxy */ = {
			isa = PBXContainerItemProxy;
			containerPortal = 0FBEBA731C3194330048343D /* Project object */;
			proxyType = 1;
			remoteGlobalIDString = 0FBEBA7A1C3194330048343D;
			remoteInfo = ScanmonListener;
		};
/* End PBXContainerItemProxy section */

/* Begin PBXFileReference section */
		0F1DEB981C6D75F400146EB4 /* README.md */ = {isa = PBXFileReference; fileEncoding = 4; lastKnownFileType = net.daringfireball.markdown; path = README.md; sourceTree = "<group>"; };
		0F38B7651C401229001800DE /* Defaults.plist */ = {isa = PBXFileReference; fileEncoding = 4; lastKnownFileType = text.plist.xml; path = Defaults.plist; sourceTree = "<group>"; };
		0F38B7671C4039A1001800DE /* Settings.bundle */ = {isa = PBXFileReference; lastKnownFileType = "wrapper.plug-in"; path = Settings.bundle; sourceTree = "<group>"; };
		0F3E2DF31C31E2E9002E6AFE /* SMLLogScrollView.swift */ = {isa = PBXFileReference; fileEncoding = 4; lastKnownFileType = sourcecode.swift; path = SMLLogScrollView.swift; sourceTree = "<group>"; };
		0F3E2DF51C31F775002E6AFE /* SMLPlayStream.swift */ = {isa = PBXFileReference; fileEncoding = 4; lastKnownFileType = sourcecode.swift; path = SMLPlayStream.swift; sourceTree = "<group>"; };
		0F6CD8631C34D7FF00BC7D00 /* SMLPlayground.playground */ = {isa = PBXFileReference; lastKnownFileType = file.playground; name = SMLPlayground.playground; path = ../SMLPlayground.playground; sourceTree = "<group>"; };
		0F95C4061C54413800DA3F83 /* SettingsViewController.swift */ = {isa = PBXFileReference; fileEncoding = 4; lastKnownFileType = sourcecode.swift; path = SettingsViewController.swift; sourceTree = "<group>"; };
		0FBEBA7B1C3194330048343D /* ScanmonListener.app */ = {isa = PBXFileReference; explicitFileType = wrapper.application; includeInIndex = 0; path = ScanmonListener.app; sourceTree = BUILT_PRODUCTS_DIR; };
		0FBEBA7E1C3194330048343D /* AppDelegate.swift */ = {isa = PBXFileReference; lastKnownFileType = sourcecode.swift; path = AppDelegate.swift; sourceTree = "<group>"; };
		0FBEBA801C3194330048343D /* SMLViewController.swift */ = {isa = PBXFileReference; lastKnownFileType = sourcecode.swift; path = SMLViewController.swift; sourceTree = "<group>"; };
		0FBEBA831C3194330048343D /* Base */ = {isa = PBXFileReference; lastKnownFileType = file.storyboard; name = Base; path = Base.lproj/Main.storyboard; sourceTree = "<group>"; };
		0FBEBA861C3194330048343D /* ScanmonListener.xcdatamodel */ = {isa = PBXFileReference; lastKnownFileType = wrapper.xcdatamodel; path = ScanmonListener.xcdatamodel; sourceTree = "<group>"; };
		0FBEBA881C3194330048343D /* Assets.xcassets */ = {isa = PBXFileReference; lastKnownFileType = folder.assetcatalog; path = Assets.xcassets; sourceTree = "<group>"; };
		0FBEBA8B1C3194330048343D /* Base */ = {isa = PBXFileReference; lastKnownFileType = file.storyboard; name = Base; path = Base.lproj/LaunchScreen.storyboard; sourceTree = "<group>"; };
		0FBEBA8D1C3194330048343D /* Info.plist */ = {isa = PBXFileReference; lastKnownFileType = text.plist.xml; path = Info.plist; sourceTree = "<group>"; };
		0FBEBA921C3194330048343D /* ScanmonListenerTests.xctest */ = {isa = PBXFileReference; explicitFileType = wrapper.cfbundle; includeInIndex = 0; path = ScanmonListenerTests.xctest; sourceTree = BUILT_PRODUCTS_DIR; };
		0FBEBA961C3194330048343D /* ScanmonListenerTests.swift */ = {isa = PBXFileReference; lastKnownFileType = sourcecode.swift; path = ScanmonListenerTests.swift; sourceTree = "<group>"; };
		0FBEBA981C3194330048343D /* Info.plist */ = {isa = PBXFileReference; lastKnownFileType = text.plist.xml; path = Info.plist; sourceTree = "<group>"; };
		0FBEBA9D1C3194330048343D /* ScanmonListenerUITests.xctest */ = {isa = PBXFileReference; explicitFileType = wrapper.cfbundle; includeInIndex = 0; path = ScanmonListenerUITests.xctest; sourceTree = BUILT_PRODUCTS_DIR; };
		0FBEBAA11C3194330048343D /* ScanmonListenerUITests.swift */ = {isa = PBXFileReference; lastKnownFileType = sourcecode.swift; path = ScanmonListenerUITests.swift; sourceTree = "<group>"; };
		0FBEBAA31C3194330048343D /* Info.plist */ = {isa = PBXFileReference; lastKnownFileType = text.plist.xml; path = Info.plist; sourceTree = "<group>"; };
		0FF56E661C541D2D0058E91B /* AboutViewController.swift */ = {isa = PBXFileReference; fileEncoding = 4; lastKnownFileType = sourcecode.swift; path = AboutViewController.swift; sourceTree = "<group>"; };
		18D67C9BF0E71CF30AA3A920 /* Pods-ScanmonListenerTests.release.xcconfig */ = {isa = PBXFileReference; includeInIndex = 1; lastKnownFileType = text.xcconfig; name = "Pods-ScanmonListenerTests.release.xcconfig"; path = "Pods/Target Support Files/Pods-ScanmonListenerTests/Pods-ScanmonListenerTests.release.xcconfig"; sourceTree = "<group>"; };
		1AA08CCBD6DE93FF08628CAC /* Pods_ScanmonListener.framework */ = {isa = PBXFileReference; explicitFileType = wrapper.framework; includeInIndex = 0; path = Pods_ScanmonListener.framework; sourceTree = BUILT_PRODUCTS_DIR; };
		39F8A3B681CCD5B165110F1B /* Pods_ScanmonListenerUITests.framework */ = {isa = PBXFileReference; explicitFileType = wrapper.framework; includeInIndex = 0; path = Pods_ScanmonListenerUITests.framework; sourceTree = BUILT_PRODUCTS_DIR; };
		4119962071FC90C12B51C46D /* Pods-ScanmonListener.release.xcconfig */ = {isa = PBXFileReference; includeInIndex = 1; lastKnownFileType = text.xcconfig; name = "Pods-ScanmonListener.release.xcconfig"; path = "Pods/Target Support Files/Pods-ScanmonListener/Pods-ScanmonListener.release.xcconfig"; sourceTree = "<group>"; };
		510BB45F6FD0F0733AD42CF1 /* Pods-ScanmonListenerUITests.debug.xcconfig */ = {isa = PBXFileReference; includeInIndex = 1; lastKnownFileType = text.xcconfig; name = "Pods-ScanmonListenerUITests.debug.xcconfig"; path = "Pods/Target Support Files/Pods-ScanmonListenerUITests/Pods-ScanmonListenerUITests.debug.xcconfig"; sourceTree = "<group>"; };
		5A7DF86F8DB0A94875E435B8 /* Pods-ScanmonListener.debug.xcconfig */ = {isa = PBXFileReference; includeInIndex = 1; lastKnownFileType = text.xcconfig; name = "Pods-ScanmonListener.debug.xcconfig"; path = "Pods/Target Support Files/Pods-ScanmonListener/Pods-ScanmonListener.debug.xcconfig"; sourceTree = "<group>"; };
		6290D3623F2D77700050A389 /* Pods-ScanmonListenerTests.debug.xcconfig */ = {isa = PBXFileReference; includeInIndex = 1; lastKnownFileType = text.xcconfig; name = "Pods-ScanmonListenerTests.debug.xcconfig"; path = "Pods/Target Support Files/Pods-ScanmonListenerTests/Pods-ScanmonListenerTests.debug.xcconfig"; sourceTree = "<group>"; };
		63E13932DA9CD8BC2011F2AB /* Pods_ScanmonListenerTests.framework */ = {isa = PBXFileReference; explicitFileType = wrapper.framework; includeInIndex = 0; path = Pods_ScanmonListenerTests.framework; sourceTree = BUILT_PRODUCTS_DIR; };
		E2CC56DBE8BC851FD2CD6D4D /* Pods-ScanmonListenerUITests.release.xcconfig */ = {isa = PBXFileReference; includeInIndex = 1; lastKnownFileType = text.xcconfig; name = "Pods-ScanmonListenerUITests.release.xcconfig"; path = "Pods/Target Support Files/Pods-ScanmonListenerUITests/Pods-ScanmonListenerUITests.release.xcconfig"; sourceTree = "<group>"; };
/* End PBXFileReference section */

/* Begin PBXFrameworksBuildPhase section */
		0FBEBA781C3194330048343D /* Frameworks */ = {
			isa = PBXFrameworksBuildPhase;
			buildActionMask = 2147483647;
			files = (
				4D94DB10F6DC25FD83B62ACD /* Pods_ScanmonListener.framework in Frameworks */,
			);
			runOnlyForDeploymentPostprocessing = 0;
		};
		0FBEBA8F1C3194330048343D /* Frameworks */ = {
			isa = PBXFrameworksBuildPhase;
			buildActionMask = 2147483647;
			files = (
				7D391766E20229119C0435D0 /* Pods_ScanmonListenerTests.framework in Frameworks */,
			);
			runOnlyForDeploymentPostprocessing = 0;
		};
		0FBEBA9A1C3194330048343D /* Frameworks */ = {
			isa = PBXFrameworksBuildPhase;
			buildActionMask = 2147483647;
			files = (
				3ED6FD6D7363605F487E655B /* Pods_ScanmonListenerUITests.framework in Frameworks */,
			);
			runOnlyForDeploymentPostprocessing = 0;
		};
/* End PBXFrameworksBuildPhase section */

/* Begin PBXGroup section */
		0F1DEB971C6D75E500146EB4 /* Docs */ = {
			isa = PBXGroup;
			children = (
				0F1DEB981C6D75F400146EB4 /* README.md */,
			);
			name = Docs;
			sourceTree = "<group>";
		};
		0FBEBA721C3194330048343D = {
			isa = PBXGroup;
			children = (
				0F1DEB971C6D75E500146EB4 /* Docs */,
				0F6CD8631C34D7FF00BC7D00 /* SMLPlayground.playground */,
				0FBEBA7D1C3194330048343D /* ScanmonListener */,
				0FBEBA951C3194330048343D /* ScanmonListenerTests */,
				0FBEBAA01C3194330048343D /* ScanmonListenerUITests */,
				0FBEBA7C1C3194330048343D /* Products */,
				2E48ABF423129AFB9CEECF36 /* Pods */,
				5F5EE0B8F6D0C5719ECFC84E /* Frameworks */,
			);
			sourceTree = "<group>";
		};
		0FBEBA7C1C3194330048343D /* Products */ = {
			isa = PBXGroup;
			children = (
				0FBEBA7B1C3194330048343D /* ScanmonListener.app */,
				0FBEBA921C3194330048343D /* ScanmonListenerTests.xctest */,
				0FBEBA9D1C3194330048343D /* ScanmonListenerUITests.xctest */,
			);
			name = Products;
			sourceTree = "<group>";
		};
		0FBEBA7D1C3194330048343D /* ScanmonListener */ = {
			isa = PBXGroup;
			children = (
				0F3E2DF31C31E2E9002E6AFE /* SMLLogScrollView.swift */,
				0FBEBA7E1C3194330048343D /* AppDelegate.swift */,
				0FBEBA801C3194330048343D /* SMLViewController.swift */,
				0FBEBA821C3194330048343D /* Main.storyboard */,
				0FBEBA881C3194330048343D /* Assets.xcassets */,
				0FBEBA8A1C3194330048343D /* LaunchScreen.storyboard */,
				0FBEBA8D1C3194330048343D /* Info.plist */,
				0FBEBA851C3194330048343D /* ScanmonListener.xcdatamodeld */,
				0F3E2DF51C31F775002E6AFE /* SMLPlayStream.swift */,
				0F38B7651C401229001800DE /* Defaults.plist */,
				0F38B7671C4039A1001800DE /* Settings.bundle */,
				0FF56E661C541D2D0058E91B /* AboutViewController.swift */,
				0F95C4061C54413800DA3F83 /* SettingsViewController.swift */,
			);
			path = ScanmonListener;
			sourceTree = "<group>";
		};
		0FBEBA951C3194330048343D /* ScanmonListenerTests */ = {
			isa = PBXGroup;
			children = (
				0FBEBA961C3194330048343D /* ScanmonListenerTests.swift */,
				0FBEBA981C3194330048343D /* Info.plist */,
			);
			path = ScanmonListenerTests;
			sourceTree = "<group>";
		};
		0FBEBAA01C3194330048343D /* ScanmonListenerUITests */ = {
			isa = PBXGroup;
			children = (
				0FBEBAA11C3194330048343D /* ScanmonListenerUITests.swift */,
				0FBEBAA31C3194330048343D /* Info.plist */,
			);
			path = ScanmonListenerUITests;
			sourceTree = "<group>";
		};
		2E48ABF423129AFB9CEECF36 /* Pods */ = {
			isa = PBXGroup;
			children = (
				5A7DF86F8DB0A94875E435B8 /* Pods-ScanmonListener.debug.xcconfig */,
				4119962071FC90C12B51C46D /* Pods-ScanmonListener.release.xcconfig */,
				6290D3623F2D77700050A389 /* Pods-ScanmonListenerTests.debug.xcconfig */,
				18D67C9BF0E71CF30AA3A920 /* Pods-ScanmonListenerTests.release.xcconfig */,
				510BB45F6FD0F0733AD42CF1 /* Pods-ScanmonListenerUITests.debug.xcconfig */,
				E2CC56DBE8BC851FD2CD6D4D /* Pods-ScanmonListenerUITests.release.xcconfig */,
			);
			name = Pods;
			sourceTree = "<group>";
		};
		5F5EE0B8F6D0C5719ECFC84E /* Frameworks */ = {
			isa = PBXGroup;
			children = (
				1AA08CCBD6DE93FF08628CAC /* Pods_ScanmonListener.framework */,
				63E13932DA9CD8BC2011F2AB /* Pods_ScanmonListenerTests.framework */,
				39F8A3B681CCD5B165110F1B /* Pods_ScanmonListenerUITests.framework */,
			);
			name = Frameworks;
			sourceTree = "<group>";
		};
/* End PBXGroup section */

/* Begin PBXNativeTarget section */
		0FBEBA7A1C3194330048343D /* ScanmonListener */ = {
			isa = PBXNativeTarget;
			buildConfigurationList = 0FBEBAA61C3194330048343D /* Build configuration list for PBXNativeTarget "ScanmonListener" */;
			buildPhases = (
				F2E500A45EC1380A39711370 /* Check Pods Manifest.lock */,
				0FBEBA771C3194330048343D /* Sources */,
				0FBEBA781C3194330048343D /* Frameworks */,
				0FBEBA791C3194330048343D /* Resources */,
				6B1BCF0E50E750A730E31A16 /* Embed Pods Frameworks */,
				20FCAA065BB3D3CDEADC35A0 /* Copy Pods Resources */,
			);
			buildRules = (
			);
			dependencies = (
			);
			name = ScanmonListener;
			productName = ScanmonListener;
			productReference = 0FBEBA7B1C3194330048343D /* ScanmonListener.app */;
			productType = "com.apple.product-type.application";
		};
		0FBEBA911C3194330048343D /* ScanmonListenerTests */ = {
			isa = PBXNativeTarget;
			buildConfigurationList = 0FBEBAA91C3194330048343D /* Build configuration list for PBXNativeTarget "ScanmonListenerTests" */;
			buildPhases = (
				6E18C61377C66B61E1947A47 /* Check Pods Manifest.lock */,
				0FBEBA8E1C3194330048343D /* Sources */,
				0FBEBA8F1C3194330048343D /* Frameworks */,
				0FBEBA901C3194330048343D /* Resources */,
				3DFA5BDCC8962B30CA888157 /* Embed Pods Frameworks */,
				70A9C524A1BD1BF2964FEF64 /* Copy Pods Resources */,
			);
			buildRules = (
			);
			dependencies = (
				0FBEBA941C3194330048343D /* PBXTargetDependency */,
			);
			name = ScanmonListenerTests;
			productName = ScanmonListenerTests;
			productReference = 0FBEBA921C3194330048343D /* ScanmonListenerTests.xctest */;
			productType = "com.apple.product-type.bundle.unit-test";
		};
		0FBEBA9C1C3194330048343D /* ScanmonListenerUITests */ = {
			isa = PBXNativeTarget;
			buildConfigurationList = 0FBEBAAC1C3194330048343D /* Build configuration list for PBXNativeTarget "ScanmonListenerUITests" */;
			buildPhases = (
				D0DC000BCE5587E6CB9E946E /* Check Pods Manifest.lock */,
				0FBEBA991C3194330048343D /* Sources */,
				0FBEBA9A1C3194330048343D /* Frameworks */,
				0FBEBA9B1C3194330048343D /* Resources */,
				4F97D75ECF13279F5810C158 /* Copy Pods Resources */,
			);
			buildRules = (
			);
			dependencies = (
				0FBEBA9F1C3194330048343D /* PBXTargetDependency */,
			);
			name = ScanmonListenerUITests;
			productName = ScanmonListenerUITests;
			productReference = 0FBEBA9D1C3194330048343D /* ScanmonListenerUITests.xctest */;
			productType = "com.apple.product-type.bundle.ui-testing";
		};
/* End PBXNativeTarget section */

/* Begin PBXProject section */
		0FBEBA731C3194330048343D /* Project object */ = {
			isa = PBXProject;
			attributes = {
				LastSwiftUpdateCheck = 0720;
				LastUpgradeCheck = 0720;
				ORGANIZATIONNAME = "William C Waggoner";
				TargetAttributes = {
					0FBEBA7A1C3194330048343D = {
						CreatedOnToolsVersion = 7.2;
						DevelopmentTeam = 3CL8WYF3VH;
					};
					0FBEBA911C3194330048343D = {
						CreatedOnToolsVersion = 7.2;
						TestTargetID = 0FBEBA7A1C3194330048343D;
					};
					0FBEBA9C1C3194330048343D = {
						CreatedOnToolsVersion = 7.2;
						TestTargetID = 0FBEBA7A1C3194330048343D;
					};
				};
			};
			buildConfigurationList = 0FBEBA761C3194330048343D /* Build configuration list for PBXProject "ScanmonListener" */;
			compatibilityVersion = "Xcode 3.2";
			developmentRegion = English;
			hasScannedForEncodings = 0;
			knownRegions = (
				en,
				Base,
			);
			mainGroup = 0FBEBA721C3194330048343D;
			productRefGroup = 0FBEBA7C1C3194330048343D /* Products */;
			projectDirPath = "";
			projectRoot = "";
			targets = (
				0FBEBA7A1C3194330048343D /* ScanmonListener */,
				0FBEBA911C3194330048343D /* ScanmonListenerTests */,
				0FBEBA9C1C3194330048343D /* ScanmonListenerUITests */,
			);
		};
/* End PBXProject section */

/* Begin PBXResourcesBuildPhase section */
		0FBEBA791C3194330048343D /* Resources */ = {
			isa = PBXResourcesBuildPhase;
			buildActionMask = 2147483647;
			files = (
				0F38B7661C401229001800DE /* Defaults.plist in Resources */,
				0FBEBA8C1C3194330048343D /* LaunchScreen.storyboard in Resources */,
				0F38B7681C4039A1001800DE /* Settings.bundle in Resources */,
				0FBEBA891C3194330048343D /* Assets.xcassets in Resources */,
				0FBEBA841C3194330048343D /* Main.storyboard in Resources */,
			);
			runOnlyForDeploymentPostprocessing = 0;
		};
		0FBEBA901C3194330048343D /* Resources */ = {
			isa = PBXResourcesBuildPhase;
			buildActionMask = 2147483647;
			files = (
			);
			runOnlyForDeploymentPostprocessing = 0;
		};
		0FBEBA9B1C3194330048343D /* Resources */ = {
			isa = PBXResourcesBuildPhase;
			buildActionMask = 2147483647;
			files = (
			);
			runOnlyForDeploymentPostprocessing = 0;
		};
/* End PBXResourcesBuildPhase section */

/* Begin PBXShellScriptBuildPhase section */
		20FCAA065BB3D3CDEADC35A0 /* Copy Pods Resources */ = {
			isa = PBXShellScriptBuildPhase;
			buildActionMask = 2147483647;
			files = (
			);
			inputPaths = (
			);
			name = "Copy Pods Resources";
			outputPaths = (
			);
			runOnlyForDeploymentPostprocessing = 0;
			shellPath = /bin/sh;
			shellScript = "\"${SRCROOT}/Pods/Target Support Files/Pods-ScanmonListener/Pods-ScanmonListener-resources.sh\"\n";
			showEnvVarsInLog = 0;
		};
		3DFA5BDCC8962B30CA888157 /* Embed Pods Frameworks */ = {
			isa = PBXShellScriptBuildPhase;
			buildActionMask = 2147483647;
			files = (
			);
			inputPaths = (
			);
			name = "Embed Pods Frameworks";
			outputPaths = (
			);
			runOnlyForDeploymentPostprocessing = 0;
			shellPath = /bin/sh;
			shellScript = "\"${SRCROOT}/Pods/Target Support Files/Pods-ScanmonListenerTests/Pods-ScanmonListenerTests-frameworks.sh\"\n";
			showEnvVarsInLog = 0;
		};
		4F97D75ECF13279F5810C158 /* Copy Pods Resources */ = {
			isa = PBXShellScriptBuildPhase;
			buildActionMask = 2147483647;
			files = (
			);
			inputPaths = (
			);
			name = "Copy Pods Resources";
			outputPaths = (
			);
			runOnlyForDeploymentPostprocessing = 0;
			shellPath = /bin/sh;
			shellScript = "\"${SRCROOT}/Pods/Target Support Files/Pods-ScanmonListenerUITests/Pods-ScanmonListenerUITests-resources.sh\"\n";
			showEnvVarsInLog = 0;
		};
		6B1BCF0E50E750A730E31A16 /* Embed Pods Frameworks */ = {
			isa = PBXShellScriptBuildPhase;
			buildActionMask = 2147483647;
			files = (
			);
			inputPaths = (
			);
			name = "Embed Pods Frameworks";
			outputPaths = (
			);
			runOnlyForDeploymentPostprocessing = 0;
			shellPath = /bin/sh;
			shellScript = "\"${SRCROOT}/Pods/Target Support Files/Pods-ScanmonListener/Pods-ScanmonListener-frameworks.sh\"\n";
			showEnvVarsInLog = 0;
		};
		6E18C61377C66B61E1947A47 /* Check Pods Manifest.lock */ = {
			isa = PBXShellScriptBuildPhase;
			buildActionMask = 2147483647;
			files = (
			);
			inputPaths = (
			);
			name = "Check Pods Manifest.lock";
			outputPaths = (
			);
			runOnlyForDeploymentPostprocessing = 0;
			shellPath = /bin/sh;
			shellScript = "diff \"${PODS_ROOT}/../Podfile.lock\" \"${PODS_ROOT}/Manifest.lock\" > /dev/null\nif [[ $? != 0 ]] ; then\n    cat << EOM\nerror: The sandbox is not in sync with the Podfile.lock. Run 'pod install' or update your CocoaPods installation.\nEOM\n    exit 1\nfi\n";
			showEnvVarsInLog = 0;
		};
		70A9C524A1BD1BF2964FEF64 /* Copy Pods Resources */ = {
			isa = PBXShellScriptBuildPhase;
			buildActionMask = 2147483647;
			files = (
			);
			inputPaths = (
			);
			name = "Copy Pods Resources";
			outputPaths = (
			);
			runOnlyForDeploymentPostprocessing = 0;
			shellPath = /bin/sh;
			shellScript = "\"${SRCROOT}/Pods/Target Support Files/Pods-ScanmonListenerTests/Pods-ScanmonListenerTests-resources.sh\"\n";
			showEnvVarsInLog = 0;
		};
		D0DC000BCE5587E6CB9E946E /* Check Pods Manifest.lock */ = {
			isa = PBXShellScriptBuildPhase;
			buildActionMask = 2147483647;
			files = (
			);
			inputPaths = (
			);
			name = "Check Pods Manifest.lock";
			outputPaths = (
			);
			runOnlyForDeploymentPostprocessing = 0;
			shellPath = /bin/sh;
			shellScript = "diff \"${PODS_ROOT}/../Podfile.lock\" \"${PODS_ROOT}/Manifest.lock\" > /dev/null\nif [[ $? != 0 ]] ; then\n    cat << EOM\nerror: The sandbox is not in sync with the Podfile.lock. Run 'pod install' or update your CocoaPods installation.\nEOM\n    exit 1\nfi\n";
			showEnvVarsInLog = 0;
		};
		F2E500A45EC1380A39711370 /* Check Pods Manifest.lock */ = {
			isa = PBXShellScriptBuildPhase;
			buildActionMask = 2147483647;
			files = (
			);
			inputPaths = (
			);
			name = "Check Pods Manifest.lock";
			outputPaths = (
			);
			runOnlyForDeploymentPostprocessing = 0;
			shellPath = /bin/sh;
			shellScript = "diff \"${PODS_ROOT}/../Podfile.lock\" \"${PODS_ROOT}/Manifest.lock\" > /dev/null\nif [[ $? != 0 ]] ; then\n    cat << EOM\nerror: The sandbox is not in sync with the Podfile.lock. Run 'pod install' or update your CocoaPods installation.\nEOM\n    exit 1\nfi\n";
			showEnvVarsInLog = 0;
		};
/* End PBXShellScriptBuildPhase section */

/* Begin PBXSourcesBuildPhase section */
		0FBEBA771C3194330048343D /* Sources */ = {
			isa = PBXSourcesBuildPhase;
			buildActionMask = 2147483647;
			files = (
				0FF56E671C541D2D0058E91B /* AboutViewController.swift in Sources */,
				0FBEBA871C3194330048343D /* ScanmonListener.xcdatamodeld in Sources */,
				0F95C4071C54413800DA3F83 /* SettingsViewController.swift in Sources */,
				0FBEBA811C3194330048343D /* SMLViewController.swift in Sources */,
				0F3E2DF41C31E2E9002E6AFE /* SMLLogScrollView.swift in Sources */,
				0FBEBA7F1C3194330048343D /* AppDelegate.swift in Sources */,
				0F3E2DF61C31F775002E6AFE /* SMLPlayStream.swift in Sources */,
			);
			runOnlyForDeploymentPostprocessing = 0;
		};
		0FBEBA8E1C3194330048343D /* Sources */ = {
			isa = PBXSourcesBuildPhase;
			buildActionMask = 2147483647;
			files = (
				0FBEBA971C3194330048343D /* ScanmonListenerTests.swift in Sources */,
			);
			runOnlyForDeploymentPostprocessing = 0;
		};
		0FBEBA991C3194330048343D /* Sources */ = {
			isa = PBXSourcesBuildPhase;
			buildActionMask = 2147483647;
			files = (
				0FBEBAA21C3194330048343D /* ScanmonListenerUITests.swift in Sources */,
			);
			runOnlyForDeploymentPostprocessing = 0;
		};
/* End PBXSourcesBuildPhase section */

/* Begin PBXTargetDependency section */
		0FBEBA941C3194330048343D /* PBXTargetDependency */ = {
			isa = PBXTargetDependency;
			target = 0FBEBA7A1C3194330048343D /* ScanmonListener */;
			targetProxy = 0FBEBA931C3194330048343D /* PBXContainerItemProxy */;
		};
		0FBEBA9F1C3194330048343D /* PBXTargetDependency */ = {
			isa = PBXTargetDependency;
			target = 0FBEBA7A1C3194330048343D /* ScanmonListener */;
			targetProxy = 0FBEBA9E1C3194330048343D /* PBXContainerItemProxy */;
		};
/* End PBXTargetDependency section */

/* Begin PBXVariantGroup section */
		0FBEBA821C3194330048343D /* Main.storyboard */ = {
			isa = PBXVariantGroup;
			children = (
				0FBEBA831C3194330048343D /* Base */,
			);
			name = Main.storyboard;
			sourceTree = "<group>";
		};
		0FBEBA8A1C3194330048343D /* LaunchScreen.storyboard */ = {
			isa = PBXVariantGroup;
			children = (
				0FBEBA8B1C3194330048343D /* Base */,
			);
			name = LaunchScreen.storyboard;
			sourceTree = "<group>";
		};
/* End PBXVariantGroup section */

/* Begin XCBuildConfiguration section */
		0FBEBAA41C3194330048343D /* Debug */ = {
			isa = XCBuildConfiguration;
			buildSettings = {
				ALWAYS_SEARCH_USER_PATHS = NO;
				CLANG_CXX_LANGUAGE_STANDARD = "gnu++0x";
				CLANG_CXX_LIBRARY = "libc++";
				CLANG_ENABLE_MODULES = YES;
				CLANG_ENABLE_OBJC_ARC = YES;
				CLANG_WARN_BOOL_CONVERSION = YES;
				CLANG_WARN_CONSTANT_CONVERSION = YES;
				CLANG_WARN_DIRECT_OBJC_ISA_USAGE = YES_ERROR;
				CLANG_WARN_EMPTY_BODY = YES;
				CLANG_WARN_ENUM_CONVERSION = YES;
				CLANG_WARN_INT_CONVERSION = YES;
				CLANG_WARN_OBJC_ROOT_CLASS = YES_ERROR;
				CLANG_WARN_UNREACHABLE_CODE = YES;
				CLANG_WARN__DUPLICATE_METHOD_MATCH = YES;
				"CODE_SIGN_IDENTITY[sdk=iphoneos*]" = "iPhone Developer";
				COPY_PHASE_STRIP = NO;
				CURRENT_PROJECT_VERSION = 5;
				DEBUG_INFORMATION_FORMAT = dwarf;
				ENABLE_STRICT_OBJC_MSGSEND = YES;
				ENABLE_TESTABILITY = YES;
				GCC_C_LANGUAGE_STANDARD = gnu99;
				GCC_DYNAMIC_NO_PIC = NO;
				GCC_NO_COMMON_BLOCKS = YES;
				GCC_OPTIMIZATION_LEVEL = 0;
				GCC_PREPROCESSOR_DEFINITIONS = (
					"DEBUG=1",
					"$(inherited)",
				);
				GCC_WARN_64_TO_32_BIT_CONVERSION = YES;
				GCC_WARN_ABOUT_RETURN_TYPE = YES_ERROR;
				GCC_WARN_UNDECLARED_SELECTOR = YES;
				GCC_WARN_UNINITIALIZED_AUTOS = YES_AGGRESSIVE;
				GCC_WARN_UNUSED_FUNCTION = YES;
				GCC_WARN_UNUSED_VARIABLE = YES;
				IPHONEOS_DEPLOYMENT_TARGET = 9.2;
				MTL_ENABLE_DEBUG_INFO = YES;
				ONLY_ACTIVE_ARCH = YES;
				SDKROOT = iphoneos;
				SWIFT_OPTIMIZATION_LEVEL = "-Onone";
				TARGETED_DEVICE_FAMILY = "1,2";
				VERSIONING_SYSTEM = "apple-generic";
			};
			name = Debug;
		};
		0FBEBAA51C3194330048343D /* Release */ = {
			isa = XCBuildConfiguration;
			buildSettings = {
				ALWAYS_SEARCH_USER_PATHS = NO;
				CLANG_CXX_LANGUAGE_STANDARD = "gnu++0x";
				CLANG_CXX_LIBRARY = "libc++";
				CLANG_ENABLE_MODULES = YES;
				CLANG_ENABLE_OBJC_ARC = YES;
				CLANG_WARN_BOOL_CONVERSION = YES;
				CLANG_WARN_CONSTANT_CONVERSION = YES;
				CLANG_WARN_DIRECT_OBJC_ISA_USAGE = YES_ERROR;
				CLANG_WARN_EMPTY_BODY = YES;
				CLANG_WARN_ENUM_CONVERSION = YES;
				CLANG_WARN_INT_CONVERSION = YES;
				CLANG_WARN_OBJC_ROOT_CLASS = YES_ERROR;
				CLANG_WARN_UNREACHABLE_CODE = YES;
				CLANG_WARN__DUPLICATE_METHOD_MATCH = YES;
				"CODE_SIGN_IDENTITY[sdk=iphoneos*]" = "iPhone Developer";
				COPY_PHASE_STRIP = NO;
				CURRENT_PROJECT_VERSION = 5;
				DEBUG_INFORMATION_FORMAT = "dwarf-with-dsym";
				ENABLE_NS_ASSERTIONS = NO;
				ENABLE_STRICT_OBJC_MSGSEND = YES;
				GCC_C_LANGUAGE_STANDARD = gnu99;
				GCC_NO_COMMON_BLOCKS = YES;
				GCC_WARN_64_TO_32_BIT_CONVERSION = YES;
				GCC_WARN_ABOUT_RETURN_TYPE = YES_ERROR;
				GCC_WARN_UNDECLARED_SELECTOR = YES;
				GCC_WARN_UNINITIALIZED_AUTOS = YES_AGGRESSIVE;
				GCC_WARN_UNUSED_FUNCTION = YES;
				GCC_WARN_UNUSED_VARIABLE = YES;
				IPHONEOS_DEPLOYMENT_TARGET = 9.2;
				MTL_ENABLE_DEBUG_INFO = NO;
				SDKROOT = iphoneos;
				TARGETED_DEVICE_FAMILY = "1,2";
				VALIDATE_PRODUCT = YES;
				VERSIONING_SYSTEM = "apple-generic";
			};
			name = Release;
		};
		0FBEBAA71C3194330048343D /* Debug */ = {
			isa = XCBuildConfiguration;
			baseConfigurationReference = 5A7DF86F8DB0A94875E435B8 /* Pods-ScanmonListener.debug.xcconfig */;
			buildSettings = {
				ASSETCATALOG_COMPILER_APPICON_NAME = AppIcon;
				CODE_SIGN_IDENTITY = "iPhone Developer";
				"CODE_SIGN_IDENTITY[sdk=iphoneos*]" = "iPhone Developer";
				INFOPLIST_FILE = ScanmonListener/Info.plist;
				LD_RUNPATH_SEARCH_PATHS = "$(inherited) @executable_path/Frameworks";
				PRODUCT_BUNDLE_IDENTIFIER = org.greybeard.ScanmonListener;
				PRODUCT_NAME = "$(TARGET_NAME)";
				PROVISIONING_PROFILE = "";
			};
			name = Debug;
		};
		0FBEBAA81C3194330048343D /* Release */ = {
			isa = XCBuildConfiguration;
			baseConfigurationReference = 4119962071FC90C12B51C46D /* Pods-ScanmonListener.release.xcconfig */;
			buildSettings = {
				ASSETCATALOG_COMPILER_APPICON_NAME = AppIcon;
				CODE_SIGN_IDENTITY = "iPhone Developer";
				"CODE_SIGN_IDENTITY[sdk=iphoneos*]" = "iPhone Developer";
				INFOPLIST_FILE = ScanmonListener/Info.plist;
				LD_RUNPATH_SEARCH_PATHS = "$(inherited) @executable_path/Frameworks";
				PRODUCT_BUNDLE_IDENTIFIER = org.greybeard.ScanmonListener;
				PRODUCT_NAME = "$(TARGET_NAME)";
				PROVISIONING_PROFILE = "";
			};
			name = Release;
		};
		0FBEBAAA1C3194330048343D /* Debug */ = {
			isa = XCBuildConfiguration;
			baseConfigurationReference = 6290D3623F2D77700050A389 /* Pods-ScanmonListenerTests.debug.xcconfig */;
			buildSettings = {
				BUNDLE_LOADER = "$(TEST_HOST)";
				INFOPLIST_FILE = ScanmonListenerTests/Info.plist;
				LD_RUNPATH_SEARCH_PATHS = "$(inherited) @executable_path/Frameworks @loader_path/Frameworks";
				PRODUCT_BUNDLE_IDENTIFIER = org.greybeard.ScanmonListenerTests;
				PRODUCT_NAME = "$(TARGET_NAME)";
				TEST_HOST = "$(BUILT_PRODUCTS_DIR)/ScanmonListener.app/ScanmonListener";
			};
			name = Debug;
		};
		0FBEBAAB1C3194330048343D /* Release */ = {
			isa = XCBuildConfiguration;
			baseConfigurationReference = 18D67C9BF0E71CF30AA3A920 /* Pods-ScanmonListenerTests.release.xcconfig */;
			buildSettings = {
				BUNDLE_LOADER = "$(TEST_HOST)";
				INFOPLIST_FILE = ScanmonListenerTests/Info.plist;
				LD_RUNPATH_SEARCH_PATHS = "$(inherited) @executable_path/Frameworks @loader_path/Frameworks";
				PRODUCT_BUNDLE_IDENTIFIER = org.greybeard.ScanmonListenerTests;
				PRODUCT_NAME = "$(TARGET_NAME)";
				TEST_HOST = "$(BUILT_PRODUCTS_DIR)/ScanmonListener.app/ScanmonListener";
			};
			name = Release;
		};
		0FBEBAAD1C3194330048343D /* Debug */ = {
			isa = XCBuildConfiguration;
			baseConfigurationReference = 510BB45F6FD0F0733AD42CF1 /* Pods-ScanmonListenerUITests.debug.xcconfig */;
			buildSettings = {
				INFOPLIST_FILE = ScanmonListenerUITests/Info.plist;
				LD_RUNPATH_SEARCH_PATHS = "$(inherited) @executable_path/Frameworks @loader_path/Frameworks";
				PRODUCT_BUNDLE_IDENTIFIER = org.greybeard.ScanmonListenerUITests;
				PRODUCT_NAME = "$(TARGET_NAME)";
				TEST_TARGET_NAME = ScanmonListener;
				USES_XCTRUNNER = YES;
			};
			name = Debug;
		};
		0FBEBAAE1C3194330048343D /* Release */ = {
			isa = XCBuildConfiguration;
			baseConfigurationReference = E2CC56DBE8BC851FD2CD6D4D /* Pods-ScanmonListenerUITests.release.xcconfig */;
			buildSettings = {
				INFOPLIST_FILE = ScanmonListenerUITests/Info.plist;
				LD_RUNPATH_SEARCH_PATHS = "$(inherited) @executable_path/Frameworks @loader_path/Frameworks";
				PRODUCT_BUNDLE_IDENTIFIER = org.greybeard.ScanmonListenerUITests;
				PRODUCT_NAME = "$(TARGET_NAME)";
				TEST_TARGET_NAME = ScanmonListener;
				USES_XCTRUNNER = YES;
			};
			name = Release;
		};
/* End XCBuildConfiguration section */

/* Begin XCConfigurationList section */
		0FBEBA761C3194330048343D /* Build configuration list for PBXProject "ScanmonListener" */ = {
			isa = XCConfigurationList;
			buildConfigurations = (
				0FBEBAA41C3194330048343D /* Debug */,
				0FBEBAA51C3194330048343D /* Release */,
			);
			defaultConfigurationIsVisible = 0;
			defaultConfigurationName = Release;
		};
		0FBEBAA61C3194330048343D /* Build configuration list for PBXNativeTarget "ScanmonListener" */ = {
			isa = XCConfigurationList;
			buildConfigurations = (
				0FBEBAA71C3194330048343D /* Debug */,
				0FBEBAA81C3194330048343D /* Release */,
			);
			defaultConfigurationIsVisible = 0;
			defaultConfigurationName = Release;
		};
		0FBEBAA91C3194330048343D /* Build configuration list for PBXNativeTarget "ScanmonListenerTests" */ = {
			isa = XCConfigurationList;
			buildConfigurations = (
				0FBEBAAA1C3194330048343D /* Debug */,
				0FBEBAAB1C3194330048343D /* Release */,
			);
			defaultConfigurationIsVisible = 0;
			defaultConfigurationName = Release;
		};
		0FBEBAAC1C3194330048343D /* Build configuration list for PBXNativeTarget "ScanmonListenerUITests" */ = {
			isa = XCConfigurationList;
			buildConfigurations = (
				0FBEBAAD1C3194330048343D /* Debug */,
				0FBEBAAE1C3194330048343D /* Release */,
			);
			defaultConfigurationIsVisible = 0;
			defaultConfigurationName = Release;
		};
/* End XCConfigurationList section */

/* Begin XCVersionGroup section */
		0FBEBA851C3194330048343D /* ScanmonListener.xcdatamodeld */ = {
			isa = XCVersionGroup;
			children = (
				0FBEBA861C3194330048343D /* ScanmonListener.xcdatamodel */,
			);
			currentVersion = 0FBEBA861C3194330048343D /* ScanmonListener.xcdatamodel */;
			path = ScanmonListener.xcdatamodeld;
			sourceTree = "<group>";
			versionGroupType = wrapper.xcdatamodel;
		};
/* End XCVersionGroup section */
	};
	rootObject = 0FBEBA731C3194330048343D /* Project object */;
}
